{
  "requires": true,
  "lockfileVersion": 1,
  "dependencies": {
    "crypto-js": {
      "version": "3.1.9-1",
      "resolved": "https://registry.npm.taobao.org/crypto-js/download/crypto-js-3.1.9-1.tgz",
      "integrity": "sha1-/aGedh/Ad+Af+/3G6f38WeiAbNg=",
      "dev": true
    },
    "mescroll-uni": {
      "version": "1.0.1",
      "resolved": "https://registry.npm.taobao.org/mescroll-uni/download/mescroll-uni-1.0.1.tgz",
      "integrity": "sha1-xb6gulvu1AB6fHv2hjmH+wX2V0s="
    },
    "prettier": {
      "version": "1.12.1",
      "resolved": "http://registry.npm.taobao.org/prettier/download/prettier-1.12.1.tgz",
      "integrity": "sha1-wa0g6APndJ+vkFpAnSNn4Gu+cyU="
    }
  }
}
